
Microsoft Visual Studio Solution File, Format Version 12.00
# Visual Studio Version 17
VisualStudioVersion = 17.6.33829.357
MinimumVisualStudioVersion = 10.0.40219.1
Project("{FAE04EC0-301F-11D3-BF4B-00C04F79EFBC}") = "INMN3_PA1_2_MVC", "INMN3_PA1_2_MVC\INMN3_PA1_2_MVC.csproj", "{6C7C3943-A683-400C-8D92-E7BAD8D880F6}"
EndProject
Global
	GlobalSection(SolutionConfigurationPlatforms) = preSolution
		Debug|Any CPU = Debug|Any CPU
		Release|Any CPU = Release|Any CPU
	EndGlobalSection
	GlobalSection(ProjectConfigurationPlatforms) = postSolution
		{6C7C3943-A683-400C-8D92-E7BAD8D880F6}.Debug|Any CPU.ActiveCfg = Debug|Any CPU
		{6C7C3943-A683-400C-8D92-E7BAD8D880F6}.Debug|Any CPU.Build.0 = Debug|Any CPU
		{6C7C3943-A683-400C-8D92-E7BAD8D880F6}.Release|Any CPU.ActiveCfg = Release|Any CPU
		{6C7C3943-A683-400C-8D92-E7BAD8D880F6}.Release|Any CPU.Build.0 = Release|Any CPU
	EndGlobalSection
	GlobalSection(SolutionProperties) = preSolution
		HideSolutionNode = FALSE
	EndGlobalSection
	GlobalSection(ExtensibilityGlobals) = postSolution
		SolutionGuid = {F9E13686-5680-4D84-8F44-AC0BB10DC6E2}
	EndGlobalSection
EndGlobal
